
Microsoft Visual Studio Solution File, Format Version 12.00
# Visual Studio Version 16
VisualStudioVersion = 16.0.31105.61
MinimumVisualStudioVersion = 10.0.40219.1
Project("{FAE04EC0-301F-11D3-BF4B-00C04F79EFBC}") = "WPF - Projekt", "WPF - Projekt.csproj", "{9C33E006-EDAE-417F-AB49-76DB74829733}"
EndProject
Global
	GlobalSection(SolutionConfigurationPlatforms) = preSolution
		Debug|Any CPU = Debug|Any CPU
		Release|Any CPU = Release|Any CPU
	EndGlobalSection
	GlobalSection(ProjectConfigurationPlatforms) = postSolution
		{9C33E006-EDAE-417F-AB49-76DB74829733}.Debug|Any CPU.ActiveCfg = Debug|Any CPU
		{9C33E006-EDAE-417F-AB49-76DB74829733}.Debug|Any CPU.Build.0 = Debug|Any CPU
		{9C33E006-EDAE-417F-AB49-76DB74829733}.Release|Any CPU.ActiveCfg = Release|Any CPU
		{9C33E006-EDAE-417F-AB49-76DB74829733}.Release|Any CPU.Build.0 = Release|Any CPU
	EndGlobalSection
	GlobalSection(SolutionProperties) = preSolution
		HideSolutionNode = FALSE
	EndGlobalSection
	GlobalSection(ExtensibilityGlobals) = postSolution
		SolutionGuid = {F7FBF2BE-0A9C-44A7-A557-FD77C1F570FC}
	EndGlobalSection
EndGlobal
